
Microsoft Visual Studio Solution File, Format Version 12.00
# Visual Studio 15
VisualStudioVersion = 15.0.28307.1231
MinimumVisualStudioVersion = 10.0.40219.1
Project("{FAE04EC0-301F-11D3-BF4B-00C04F79EFBC}") = "Afip_Facturacion", "Afip_Facturacion\Afip_Facturacion.csproj", "{11955D8F-8DCE-4581-A3B2-8471C5E629E8}"
EndProject
Project("{F184B08F-C81C-45F6-A57F-5ABD9991F28F}") = "PrototipoAfip", "PrototipoAfip\PrototipoAfip.vbproj", "{52B31B3F-4154-48B0-BF2F-5820FFF2CDC3}"
EndProject
Global
	GlobalSection(SolutionConfigurationPlatforms) = preSolution
		Debug|Any CPU = Debug|Any CPU
		Release|Any CPU = Release|Any CPU
	EndGlobalSection
	GlobalSection(ProjectConfigurationPlatforms) = postSolution
		{11955D8F-8DCE-4581-A3B2-8471C5E629E8}.Debug|Any CPU.ActiveCfg = Debug|Any CPU
		{11955D8F-8DCE-4581-A3B2-8471C5E629E8}.Debug|Any CPU.Build.0 = Debug|Any CPU
		{11955D8F-8DCE-4581-A3B2-8471C5E629E8}.Release|Any CPU.ActiveCfg = Release|Any CPU
		{11955D8F-8DCE-4581-A3B2-8471C5E629E8}.Release|Any CPU.Build.0 = Release|Any CPU
		{52B31B3F-4154-48B0-BF2F-5820FFF2CDC3}.Debug|Any CPU.ActiveCfg = Debug|Any CPU
		{52B31B3F-4154-48B0-BF2F-5820FFF2CDC3}.Debug|Any CPU.Build.0 = Debug|Any CPU
		{52B31B3F-4154-48B0-BF2F-5820FFF2CDC3}.Release|Any CPU.ActiveCfg = Release|Any CPU
		{52B31B3F-4154-48B0-BF2F-5820FFF2CDC3}.Release|Any CPU.Build.0 = Release|Any CPU
	EndGlobalSection
	GlobalSection(SolutionProperties) = preSolution
		HideSolutionNode = FALSE
	EndGlobalSection
	GlobalSection(ExtensibilityGlobals) = postSolution
		SolutionGuid = {570AF3D4-5E22-4A28-8383-B0301B583DDC}
	EndGlobalSection
EndGlobal
